
Microsoft Visual Studio Solution File, Format Version 12.00
# Visual Studio Version 17
VisualStudioVersion = 17.8.34316.72
MinimumVisualStudioVersion = 10.0.40219.1
Project("{FAE04EC0-301F-11D3-BF4B-00C04F79EFBC}") = "McDonalds", "McDonalds.csproj", "{1970F166-6532-4284-AC71-3475E32278F9}"
EndProject
Global
	GlobalSection(SolutionConfigurationPlatforms) = preSolution
		Debug|Any CPU = Debug|Any CPU
		Release|Any CPU = Release|Any CPU
	EndGlobalSection
	GlobalSection(ProjectConfigurationPlatforms) = postSolution
		{1970F166-6532-4284-AC71-3475E32278F9}.Debug|Any CPU.ActiveCfg = Debug|Any CPU
		{1970F166-6532-4284-AC71-3475E32278F9}.Debug|Any CPU.Build.0 = Debug|Any CPU
		{1970F166-6532-4284-AC71-3475E32278F9}.Release|Any CPU.ActiveCfg = Release|Any CPU
		{1970F166-6532-4284-AC71-3475E32278F9}.Release|Any CPU.Build.0 = Release|Any CPU
	EndGlobalSection
	GlobalSection(SolutionProperties) = preSolution
		HideSolutionNode = FALSE
	EndGlobalSection
	GlobalSection(ExtensibilityGlobals) = postSolution
		SolutionGuid = {76A8B2A9-CAD9-4A51-BC3C-4A4E25C9B069}
	EndGlobalSection
EndGlobal
